// !$*UTF8*$!
{
	archiveVersion = 1;
	classes = {
	};
	objectVersion = 46;
	objects = {

/* Begin PBXBuildFile section */
		893A7ED491D21C76134244FC /* libPods-HLNetworking.a in Frameworks */ = {isa = PBXBuildFile; fileRef = B5A78D7A6A24AB5E8E2123F3 /* libPods-HLNetworking.a */; };
		CF36274F1D9368BD00C26AAF /* main.m in Sources */ = {isa = PBXBuildFile; fileRef = CF36274E1D9368BD00C26AAF /* main.m */; };
		CF3627521D9368BD00C26AAF /* AppDelegate.m in Sources */ = {isa = PBXBuildFile; fileRef = CF3627511D9368BD00C26AAF /* AppDelegate.m */; };
		CF3627551D9368BD00C26AAF /* ViewController.m in Sources */ = {isa = PBXBuildFile; fileRef = CF3627541D9368BD00C26AAF /* ViewController.m */; };
		CF3627581D9368BD00C26AAF /* Main.storyboard in Resources */ = {isa = PBXBuildFile; fileRef = CF3627561D9368BD00C26AAF /* Main.storyboard */; };
		CF36275A1D9368BD00C26AAF /* Assets.xcassets in Resources */ = {isa = PBXBuildFile; fileRef = CF3627591D9368BD00C26AAF /* Assets.xcassets */; };
		CF36275D1D9368BD00C26AAF /* LaunchScreen.storyboard in Resources */ = {isa = PBXBuildFile; fileRef = CF36275B1D9368BD00C26AAF /* LaunchScreen.storyboard */; };
		CF5C95681E1A336500A3380C /* HLNetworkTipsConfig.m in Sources */ = {isa = PBXBuildFile; fileRef = CF5C95671E1A336500A3380C /* HLNetworkTipsConfig.m */; };
		CF5C956B1E1A342000A3380C /* HLNetworkRequestConfig.m in Sources */ = {isa = PBXBuildFile; fileRef = CF5C956A1E1A342000A3380C /* HLNetworkRequestConfig.m */; };
		CF5C956E1E1A351600A3380C /* HLNetworkPolicyConfig.m in Sources */ = {isa = PBXBuildFile; fileRef = CF5C956D1E1A351600A3380C /* HLNetworkPolicyConfig.m */; };
		CF6C3C711E348A330052C4DF /* HLAPIEngine.m in Sources */ = {isa = PBXBuildFile; fileRef = CF6C3C701E348A330052C4DF /* HLAPIEngine.m */; };
		CF7005A11E1CA12200DF8E80 /* HLNetworkLogger.m in Sources */ = {isa = PBXBuildFile; fileRef = CF7005A01E1CA12200DF8E80 /* HLNetworkLogger.m */; };
		CF7005A41E1CDADD00DF8E80 /* HLNetworkLoggerConfig.m in Sources */ = {isa = PBXBuildFile; fileRef = CF7005A31E1CDADD00DF8E80 /* HLNetworkLoggerConfig.m */; };
		CF7005A71E1CE30100DF8E80 /* HLDebugMessage.m in Sources */ = {isa = PBXBuildFile; fileRef = CF7005A61E1CE30100DF8E80 /* HLDebugMessage.m */; };
		CFD3863B1E193BA8001CF086 /* HLFormDataConfig.m in Sources */ = {isa = PBXBuildFile; fileRef = CFD3863A1E193BA8001CF086 /* HLFormDataConfig.m */; };
		CFD3864B1E1999DC001CF086 /* HLAPICenter+home.m in Sources */ = {isa = PBXBuildFile; fileRef = CFD3864A1E1999DC001CF086 /* HLAPICenter+home.m */; };
		CFDCF73E1D9C261B00DE1C8E /* HLAPIManager.m in Sources */ = {isa = PBXBuildFile; fileRef = CFDCF7201D9C261B00DE1C8E /* HLAPIManager.m */; };
		CFDCF73F1D9C261B00DE1C8E /* HLAPI.m in Sources */ = {isa = PBXBuildFile; fileRef = CFDCF7281D9C261B00DE1C8E /* HLAPI.m */; };
		CFDCF7411D9C261B00DE1C8E /* HLNetworkConfig.m in Sources */ = {isa = PBXBuildFile; fileRef = CFDCF72E1D9C261B00DE1C8E /* HLNetworkConfig.m */; };
		CFDCF7421D9C261B00DE1C8E /* HLSecurityPolicyConfig.m in Sources */ = {isa = PBXBuildFile; fileRef = CFDCF7301D9C261B00DE1C8E /* HLSecurityPolicyConfig.m */; };
		CFDCF7431D9C261B00DE1C8E /* HLTaskManager.m in Sources */ = {isa = PBXBuildFile; fileRef = CFDCF7361D9C261B00DE1C8E /* HLTaskManager.m */; };
		CFDCF7441D9C261B00DE1C8E /* HLTask.m in Sources */ = {isa = PBXBuildFile; fileRef = CFDCF73A1D9C261B00DE1C8E /* HLTask.m */; };
		CFDE3FE41E12220E00CDA39E /* HLAPICenter.m in Sources */ = {isa = PBXBuildFile; fileRef = CFDE3FE01E12220E00CDA39E /* HLAPICenter.m */; };
		CFDE3FE51E12220E00CDA39E /* HLBaseObjReformer.m in Sources */ = {isa = PBXBuildFile; fileRef = CFDE3FE31E12220E00CDA39E /* HLBaseObjReformer.m */; };
		CFE869A61E20D03C001BE8D4 /* HLAPIGroup.m in Sources */ = {isa = PBXBuildFile; fileRef = CFE869A51E20D03C001BE8D4 /* HLAPIGroup.m */; };
		CFE869A81E20F6BC001BE8D4 /* iPhoneTypeDefine.plist in Resources */ = {isa = PBXBuildFile; fileRef = CFE869A71E20F6BC001BE8D4 /* iPhoneTypeDefine.plist */; };
		CFE869AB1E20FA9F001BE8D4 /* UIDevice+deviceInfo.m in Sources */ = {isa = PBXBuildFile; fileRef = CFE869AA1E20FA9F001BE8D4 /* UIDevice+deviceInfo.m */; };
		CFE869AE1E21166D001BE8D4 /* HLTaskGroup.m in Sources */ = {isa = PBXBuildFile; fileRef = CFE869AD1E21166D001BE8D4 /* HLTaskGroup.m */; };
		CFF1A88D1E22256F00767B35 /* HLURLResponse.m in Sources */ = {isa = PBXBuildFile; fileRef = CFF1A8891E22256F00767B35 /* HLURLResponse.m */; };
		CFF1A88E1E22256F00767B35 /* HLURLResult.m in Sources */ = {isa = PBXBuildFile; fileRef = CFF1A88C1E22256F00767B35 /* HLURLResult.m */; };
/* End PBXBuildFile section */

/* Begin PBXFileReference section */
		3D14D0F53EFCAA4AF53EEE33 /* Pods-HLNetworking.release.xcconfig */ = {isa = PBXFileReference; includeInIndex = 1; lastKnownFileType = text.xcconfig; name = "Pods-HLNetworking.release.xcconfig"; path = "Pods/Target Support Files/Pods-HLNetworking/Pods-HLNetworking.release.xcconfig"; sourceTree = "<group>"; };
		7181179E3FED125878C5BA34 /* Pods-HLNetworking.debug.xcconfig */ = {isa = PBXFileReference; includeInIndex = 1; lastKnownFileType = text.xcconfig; name = "Pods-HLNetworking.debug.xcconfig"; path = "Pods/Target Support Files/Pods-HLNetworking/Pods-HLNetworking.debug.xcconfig"; sourceTree = "<group>"; };
		B5A78D7A6A24AB5E8E2123F3 /* libPods-HLNetworking.a */ = {isa = PBXFileReference; explicitFileType = archive.ar; includeInIndex = 0; path = "libPods-HLNetworking.a"; sourceTree = BUILT_PRODUCTS_DIR; };
		CF36274A1D9368BD00C26AAF /* HLNetworking.app */ = {isa = PBXFileReference; explicitFileType = wrapper.application; includeInIndex = 0; path = HLNetworking.app; sourceTree = BUILT_PRODUCTS_DIR; };
		CF36274E1D9368BD00C26AAF /* main.m */ = {isa = PBXFileReference; lastKnownFileType = sourcecode.c.objc; path = main.m; sourceTree = "<group>"; };
		CF3627501D9368BD00C26AAF /* AppDelegate.h */ = {isa = PBXFileReference; lastKnownFileType = sourcecode.c.h; path = AppDelegate.h; sourceTree = "<group>"; };
		CF3627511D9368BD00C26AAF /* AppDelegate.m */ = {isa = PBXFileReference; lastKnownFileType = sourcecode.c.objc; path = AppDelegate.m; sourceTree = "<group>"; };
		CF3627531D9368BD00C26AAF /* ViewController.h */ = {isa = PBXFileReference; lastKnownFileType = sourcecode.c.h; path = ViewController.h; sourceTree = "<group>"; };
		CF3627541D9368BD00C26AAF /* ViewController.m */ = {isa = PBXFileReference; lastKnownFileType = sourcecode.c.objc; path = ViewController.m; sourceTree = "<group>"; };
		CF3627571D9368BD00C26AAF /* Base */ = {isa = PBXFileReference; lastKnownFileType = file.storyboard; name = Base; path = Base.lproj/Main.storyboard; sourceTree = "<group>"; };
		CF3627591D9368BD00C26AAF /* Assets.xcassets */ = {isa = PBXFileReference; lastKnownFileType = folder.assetcatalog; path = Assets.xcassets; sourceTree = "<group>"; };
		CF36275C1D9368BD00C26AAF /* Base */ = {isa = PBXFileReference; lastKnownFileType = file.storyboard; name = Base; path = Base.lproj/LaunchScreen.storyboard; sourceTree = "<group>"; };
		CF36275E1D9368BD00C26AAF /* Info.plist */ = {isa = PBXFileReference; lastKnownFileType = text.plist.xml; path = Info.plist; sourceTree = "<group>"; };
		CF5C95661E1A336500A3380C /* HLNetworkTipsConfig.h */ = {isa = PBXFileReference; fileEncoding = 4; lastKnownFileType = sourcecode.c.h; path = HLNetworkTipsConfig.h; sourceTree = "<group>"; };
		CF5C95671E1A336500A3380C /* HLNetworkTipsConfig.m */ = {isa = PBXFileReference; fileEncoding = 4; lastKnownFileType = sourcecode.c.objc; path = HLNetworkTipsConfig.m; sourceTree = "<group>"; };
		CF5C95691E1A342000A3380C /* HLNetworkRequestConfig.h */ = {isa = PBXFileReference; fileEncoding = 4; lastKnownFileType = sourcecode.c.h; path = HLNetworkRequestConfig.h; sourceTree = "<group>"; };
		CF5C956A1E1A342000A3380C /* HLNetworkRequestConfig.m */ = {isa = PBXFileReference; fileEncoding = 4; lastKnownFileType = sourcecode.c.objc; path = HLNetworkRequestConfig.m; sourceTree = "<group>"; };
		CF5C956C1E1A351600A3380C /* HLNetworkPolicyConfig.h */ = {isa = PBXFileReference; fileEncoding = 4; lastKnownFileType = sourcecode.c.h; path = HLNetworkPolicyConfig.h; sourceTree = "<group>"; };
		CF5C956D1E1A351600A3380C /* HLNetworkPolicyConfig.m */ = {isa = PBXFileReference; fileEncoding = 4; lastKnownFileType = sourcecode.c.objc; path = HLNetworkPolicyConfig.m; sourceTree = "<group>"; };
		CF60A0DA1DA1600900AC1BB2 /* HLAPI_InternalParams.h */ = {isa = PBXFileReference; fileEncoding = 4; lastKnownFileType = sourcecode.c.h; path = HLAPI_InternalParams.h; sourceTree = "<group>"; };
		CF60A0DD1DA16C5B00AC1BB2 /* HLTask_InternalParams.h */ = {isa = PBXFileReference; fileEncoding = 4; lastKnownFileType = sourcecode.c.h; path = HLTask_InternalParams.h; sourceTree = "<group>"; };
		CF6C3C6F1E348A330052C4DF /* HLAPIEngine.h */ = {isa = PBXFileReference; fileEncoding = 4; lastKnownFileType = sourcecode.c.h; path = HLAPIEngine.h; sourceTree = "<group>"; };
		CF6C3C701E348A330052C4DF /* HLAPIEngine.m */ = {isa = PBXFileReference; fileEncoding = 4; lastKnownFileType = sourcecode.c.objc; path = HLAPIEngine.m; sourceTree = "<group>"; };
		CF70059F1E1CA12200DF8E80 /* HLNetworkLogger.h */ = {isa = PBXFileReference; fileEncoding = 4; lastKnownFileType = sourcecode.c.h; path = HLNetworkLogger.h; sourceTree = "<group>"; };
		CF7005A01E1CA12200DF8E80 /* HLNetworkLogger.m */ = {isa = PBXFileReference; fileEncoding = 4; lastKnownFileType = sourcecode.c.objc; path = HLNetworkLogger.m; sourceTree = "<group>"; };
		CF7005A21E1CDADD00DF8E80 /* HLNetworkLoggerConfig.h */ = {isa = PBXFileReference; fileEncoding = 4; lastKnownFileType = sourcecode.c.h; path = HLNetworkLoggerConfig.h; sourceTree = "<group>"; };
		CF7005A31E1CDADD00DF8E80 /* HLNetworkLoggerConfig.m */ = {isa = PBXFileReference; fileEncoding = 4; lastKnownFileType = sourcecode.c.objc; path = HLNetworkLoggerConfig.m; sourceTree = "<group>"; };
		CF7005A51E1CE30100DF8E80 /* HLDebugMessage.h */ = {isa = PBXFileReference; fileEncoding = 4; lastKnownFileType = sourcecode.c.h; path = HLDebugMessage.h; sourceTree = "<group>"; };
		CF7005A61E1CE30100DF8E80 /* HLDebugMessage.m */ = {isa = PBXFileReference; fileEncoding = 4; lastKnownFileType = sourcecode.c.objc; path = HLDebugMessage.m; sourceTree = "<group>"; };
		CF7326AD1DE729D100EDA1CE /* HLNetworkMacro.h */ = {isa = PBXFileReference; fileEncoding = 4; lastKnownFileType = sourcecode.c.h; path = HLNetworkMacro.h; sourceTree = "<group>"; };
		CFD386391E193BA8001CF086 /* HLFormDataConfig.h */ = {isa = PBXFileReference; fileEncoding = 4; lastKnownFileType = sourcecode.c.h; path = HLFormDataConfig.h; sourceTree = "<group>"; };
		CFD3863A1E193BA8001CF086 /* HLFormDataConfig.m */ = {isa = PBXFileReference; fileEncoding = 4; lastKnownFileType = sourcecode.c.objc; path = HLFormDataConfig.m; sourceTree = "<group>"; };
		CFD3863D1E193C09001CF086 /* HLNetworkingTask.h */ = {isa = PBXFileReference; lastKnownFileType = sourcecode.c.h; path = HLNetworkingTask.h; sourceTree = "<group>"; };
		CFD3863E1E193C15001CF086 /* HLNetworkingAPI.h */ = {isa = PBXFileReference; lastKnownFileType = sourcecode.c.h; path = HLNetworkingAPI.h; sourceTree = "<group>"; };
		CFD386491E1999DC001CF086 /* HLAPICenter+home.h */ = {isa = PBXFileReference; fileEncoding = 4; lastKnownFileType = sourcecode.c.h; path = "HLAPICenter+home.h"; sourceTree = "<group>"; };
		CFD3864A1E1999DC001CF086 /* HLAPICenter+home.m */ = {isa = PBXFileReference; fileEncoding = 4; lastKnownFileType = sourcecode.c.objc; path = "HLAPICenter+home.m"; sourceTree = "<group>"; };
		CFDCF71F1D9C261B00DE1C8E /* HLAPIManager.h */ = {isa = PBXFileReference; fileEncoding = 4; lastKnownFileType = sourcecode.c.h; path = HLAPIManager.h; sourceTree = "<group>"; };
		CFDCF7201D9C261B00DE1C8E /* HLAPIManager.m */ = {isa = PBXFileReference; fileEncoding = 4; lastKnownFileType = sourcecode.c.objc; path = HLAPIManager.m; sourceTree = "<group>"; };
		CFDCF7231D9C261B00DE1C8E /* HLMultipartFormDataProtocol.h */ = {isa = PBXFileReference; fileEncoding = 4; lastKnownFileType = sourcecode.c.h; path = HLMultipartFormDataProtocol.h; sourceTree = "<group>"; };
		CFDCF7241D9C261B00DE1C8E /* HLNetworkErrorProtocol.h */ = {isa = PBXFileReference; fileEncoding = 4; lastKnownFileType = sourcecode.c.h; path = HLNetworkErrorProtocol.h; sourceTree = "<group>"; };
		CFDCF7271D9C261B00DE1C8E /* HLAPI.h */ = {isa = PBXFileReference; fileEncoding = 4; lastKnownFileType = sourcecode.c.h; path = HLAPI.h; sourceTree = "<group>"; };
		CFDCF7281D9C261B00DE1C8E /* HLAPI.m */ = {isa = PBXFileReference; fileEncoding = 4; lastKnownFileType = sourcecode.c.objc; path = HLAPI.m; sourceTree = "<group>"; };
		CFDCF7291D9C261B00DE1C8E /* HLAPIType.h */ = {isa = PBXFileReference; fileEncoding = 4; lastKnownFileType = sourcecode.c.h; path = HLAPIType.h; sourceTree = "<group>"; };
		CFDCF72D1D9C261B00DE1C8E /* HLNetworkConfig.h */ = {isa = PBXFileReference; fileEncoding = 4; lastKnownFileType = sourcecode.c.h; path = HLNetworkConfig.h; sourceTree = "<group>"; };
		CFDCF72E1D9C261B00DE1C8E /* HLNetworkConfig.m */ = {isa = PBXFileReference; fileEncoding = 4; lastKnownFileType = sourcecode.c.objc; path = HLNetworkConfig.m; sourceTree = "<group>"; };
		CFDCF72F1D9C261B00DE1C8E /* HLSecurityPolicyConfig.h */ = {isa = PBXFileReference; fileEncoding = 4; lastKnownFileType = sourcecode.c.h; path = HLSecurityPolicyConfig.h; sourceTree = "<group>"; };
		CFDCF7301D9C261B00DE1C8E /* HLSecurityPolicyConfig.m */ = {isa = PBXFileReference; fileEncoding = 4; lastKnownFileType = sourcecode.c.objc; path = HLSecurityPolicyConfig.m; sourceTree = "<group>"; };
		CFDCF7311D9C261B00DE1C8E /* HLNetworking.h */ = {isa = PBXFileReference; fileEncoding = 4; lastKnownFileType = sourcecode.c.h; path = HLNetworking.h; sourceTree = "<group>"; };
		CFDCF7351D9C261B00DE1C8E /* HLTaskManager.h */ = {isa = PBXFileReference; fileEncoding = 4; lastKnownFileType = sourcecode.c.h; path = HLTaskManager.h; sourceTree = "<group>"; };
		CFDCF7361D9C261B00DE1C8E /* HLTaskManager.m */ = {isa = PBXFileReference; fileEncoding = 4; lastKnownFileType = sourcecode.c.objc; path = HLTaskManager.m; sourceTree = "<group>"; };
		CFDCF7391D9C261B00DE1C8E /* HLTask.h */ = {isa = PBXFileReference; fileEncoding = 4; lastKnownFileType = sourcecode.c.h; path = HLTask.h; sourceTree = "<group>"; };
		CFDCF73A1D9C261B00DE1C8E /* HLTask.m */ = {isa = PBXFileReference; fileEncoding = 4; lastKnownFileType = sourcecode.c.objc; path = HLTask.m; sourceTree = "<group>"; };
		CFDCF73B1D9C261B00DE1C8E /* HLTaskType.h */ = {isa = PBXFileReference; fileEncoding = 4; lastKnownFileType = sourcecode.c.h; path = HLTaskType.h; sourceTree = "<group>"; };
		CFDCF7461D9C265F00DE1C8E /* HLTaskResponseProtocol.h */ = {isa = PBXFileReference; lastKnownFileType = sourcecode.c.h; path = HLTaskResponseProtocol.h; sourceTree = "<group>"; };
		CFDE3FDF1E12220E00CDA39E /* HLAPICenter.h */ = {isa = PBXFileReference; fileEncoding = 4; lastKnownFileType = sourcecode.c.h; path = HLAPICenter.h; sourceTree = "<group>"; };
		CFDE3FE01E12220E00CDA39E /* HLAPICenter.m */ = {isa = PBXFileReference; fileEncoding = 4; lastKnownFileType = sourcecode.c.objc; path = HLAPICenter.m; sourceTree = "<group>"; };
		CFDE3FE11E12220E00CDA39E /* HLAPIMacro.h */ = {isa = PBXFileReference; fileEncoding = 4; lastKnownFileType = sourcecode.c.h; path = HLAPIMacro.h; sourceTree = "<group>"; };
		CFDE3FE21E12220E00CDA39E /* HLBaseObjReformer.h */ = {isa = PBXFileReference; fileEncoding = 4; lastKnownFileType = sourcecode.c.h; path = HLBaseObjReformer.h; sourceTree = "<group>"; };
		CFDE3FE31E12220E00CDA39E /* HLBaseObjReformer.m */ = {isa = PBXFileReference; fileEncoding = 4; lastKnownFileType = sourcecode.c.objc; path = HLBaseObjReformer.m; sourceTree = "<group>"; };
		CFDE3FE61E1222A900CDA39E /* HLNetworking.podspec */ = {isa = PBXFileReference; fileEncoding = 4; lastKnownFileType = text; path = HLNetworking.podspec; sourceTree = SOURCE_ROOT; };
		CFDE3FE81E1222CB00CDA39E /* LICENSE */ = {isa = PBXFileReference; fileEncoding = 4; lastKnownFileType = text; path = LICENSE; sourceTree = SOURCE_ROOT; };
		CFDE3FE91E1222CB00CDA39E /* README.md */ = {isa = PBXFileReference; fileEncoding = 4; lastKnownFileType = net.daringfireball.markdown; path = README.md; sourceTree = SOURCE_ROOT; };
		CFE869A41E20D03C001BE8D4 /* HLAPIGroup.h */ = {isa = PBXFileReference; fileEncoding = 4; lastKnownFileType = sourcecode.c.h; path = HLAPIGroup.h; sourceTree = "<group>"; };
		CFE869A51E20D03C001BE8D4 /* HLAPIGroup.m */ = {isa = PBXFileReference; fileEncoding = 4; lastKnownFileType = sourcecode.c.objc; path = HLAPIGroup.m; sourceTree = "<group>"; };
		CFE869A71E20F6BC001BE8D4 /* iPhoneTypeDefine.plist */ = {isa = PBXFileReference; fileEncoding = 4; lastKnownFileType = text.plist.xml; path = iPhoneTypeDefine.plist; sourceTree = "<group>"; };
		CFE869A91E20FA9F001BE8D4 /* UIDevice+deviceInfo.h */ = {isa = PBXFileReference; fileEncoding = 4; lastKnownFileType = sourcecode.c.h; path = "UIDevice+deviceInfo.h"; sourceTree = "<group>"; };
		CFE869AA1E20FA9F001BE8D4 /* UIDevice+deviceInfo.m */ = {isa = PBXFileReference; fileEncoding = 4; lastKnownFileType = sourcecode.c.objc; path = "UIDevice+deviceInfo.m"; sourceTree = "<group>"; };
		CFE869AC1E21166D001BE8D4 /* HLTaskGroup.h */ = {isa = PBXFileReference; fileEncoding = 4; lastKnownFileType = sourcecode.c.h; path = HLTaskGroup.h; sourceTree = "<group>"; };
		CFE869AD1E21166D001BE8D4 /* HLTaskGroup.m */ = {isa = PBXFileReference; fileEncoding = 4; lastKnownFileType = sourcecode.c.objc; path = HLTaskGroup.m; sourceTree = "<group>"; };
		CFF1A8881E22256F00767B35 /* HLURLResponse.h */ = {isa = PBXFileReference; fileEncoding = 4; lastKnownFileType = sourcecode.c.h; path = HLURLResponse.h; sourceTree = "<group>"; };
		CFF1A8891E22256F00767B35 /* HLURLResponse.m */ = {isa = PBXFileReference; fileEncoding = 4; lastKnownFileType = sourcecode.c.objc; path = HLURLResponse.m; sourceTree = "<group>"; };
		CFF1A88B1E22256F00767B35 /* HLURLResult.h */ = {isa = PBXFileReference; fileEncoding = 4; lastKnownFileType = sourcecode.c.h; path = HLURLResult.h; sourceTree = "<group>"; };
		CFF1A88C1E22256F00767B35 /* HLURLResult.m */ = {isa = PBXFileReference; fileEncoding = 4; lastKnownFileType = sourcecode.c.objc; path = HLURLResult.m; sourceTree = "<group>"; };
/* End PBXFileReference section */

/* Begin PBXFrameworksBuildPhase section */
		CF3627471D9368BD00C26AAF /* Frameworks */ = {
			isa = PBXFrameworksBuildPhase;
			buildActionMask = 2147483647;
			files = (
				893A7ED491D21C76134244FC /* libPods-HLNetworking.a in Frameworks */,
			);
			runOnlyForDeploymentPostprocessing = 0;
		};
/* End PBXFrameworksBuildPhase section */

/* Begin PBXGroup section */
		8A8E0E7C6E12EA9397609AAC /* Frameworks */ = {
			isa = PBXGroup;
			children = (
				B5A78D7A6A24AB5E8E2123F3 /* libPods-HLNetworking.a */,
			);
			name = Frameworks;
			sourceTree = "<group>";
		};
		CF3627411D9368BD00C26AAF = {
			isa = PBXGroup;
			children = (
				CF36274C1D9368BD00C26AAF /* HLNetworking */,
				CF36274B1D9368BD00C26AAF /* Products */,
				F112EDD6A5BC41CD0E259D05 /* Pods */,
				8A8E0E7C6E12EA9397609AAC /* Frameworks */,
			);
			sourceTree = "<group>";
		};
		CF36274B1D9368BD00C26AAF /* Products */ = {
			isa = PBXGroup;
			children = (
				CF36274A1D9368BD00C26AAF /* HLNetworking.app */,
			);
			name = Products;
			sourceTree = "<group>";
		};
		CF36274C1D9368BD00C26AAF /* HLNetworking */ = {
			isa = PBXGroup;
			children = (
				CFD386451E198D7F001CF086 /* Test */,
				CF54B9BA1DEC429700CEEE8D /* Podspec */,
				CF3627641D9368CD00C26AAF /* Source */,
				CF3627501D9368BD00C26AAF /* AppDelegate.h */,
				CF3627511D9368BD00C26AAF /* AppDelegate.m */,
				CF3627531D9368BD00C26AAF /* ViewController.h */,
				CF3627541D9368BD00C26AAF /* ViewController.m */,
				CFD386491E1999DC001CF086 /* HLAPICenter+home.h */,
				CFD3864A1E1999DC001CF086 /* HLAPICenter+home.m */,
				CF3627561D9368BD00C26AAF /* Main.storyboard */,
				CF3627591D9368BD00C26AAF /* Assets.xcassets */,
				CF36275B1D9368BD00C26AAF /* LaunchScreen.storyboard */,
				CF36275E1D9368BD00C26AAF /* Info.plist */,
				CF36274D1D9368BD00C26AAF /* Supporting Files */,
			);
			path = HLNetworking;
			sourceTree = "<group>";
		};
		CF36274D1D9368BD00C26AAF /* Supporting Files */ = {
			isa = PBXGroup;
			children = (
				CF36274E1D9368BD00C26AAF /* main.m */,
			);
			name = "Supporting Files";
			sourceTree = "<group>";
		};
		CF3627641D9368CD00C26AAF /* Source */ = {
			isa = PBXGroup;
			children = (
				CFF1A8851E22254B00767B35 /* Generator */,
				CF70059E1E1CA0CF00DF8E80 /* Logger */,
				CFDE3FDE1E12220E00CDA39E /* Center */,
				CFDCF7321D9C261B00DE1C8E /* Task */,
				CFDCF7181D9C261B00DE1C8E /* API */,
				CFDCF72A1D9C261B00DE1C8E /* Config */,
				CFDCF7311D9C261B00DE1C8E /* HLNetworking.h */,
			);
			path = Source;
			sourceTree = "<group>";
		};
		CF54B9BA1DEC429700CEEE8D /* Podspec */ = {
			isa = PBXGroup;
			children = (
				CFDE3FE81E1222CB00CDA39E /* LICENSE */,
				CFDE3FE91E1222CB00CDA39E /* README.md */,
				CFDE3FE61E1222A900CDA39E /* HLNetworking.podspec */,
			);
			name = Podspec;
			sourceTree = "<group>";
		};
		CF70059E1E1CA0CF00DF8E80 /* Logger */ = {
			isa = PBXGroup;
			children = (
				CFE869A71E20F6BC001BE8D4 /* iPhoneTypeDefine.plist */,
				CF7005A51E1CE30100DF8E80 /* HLDebugMessage.h */,
				CF7005A61E1CE30100DF8E80 /* HLDebugMessage.m */,
				CF70059F1E1CA12200DF8E80 /* HLNetworkLogger.h */,
				CF7005A01E1CA12200DF8E80 /* HLNetworkLogger.m */,
				CF7005A21E1CDADD00DF8E80 /* HLNetworkLoggerConfig.h */,
				CF7005A31E1CDADD00DF8E80 /* HLNetworkLoggerConfig.m */,
				CFE869A91E20FA9F001BE8D4 /* UIDevice+deviceInfo.h */,
				CFE869AA1E20FA9F001BE8D4 /* UIDevice+deviceInfo.m */,
			);
			path = Logger;
			sourceTree = "<group>";
		};
		CFD386451E198D7F001CF086 /* Test */ = {
			isa = PBXGroup;
			children = (
			);
			path = Test;
			sourceTree = "<group>";
		};
		CFDCF7181D9C261B00DE1C8E /* API */ = {
			isa = PBXGroup;
			children = (
				CFDCF71E1D9C261B00DE1C8E /* Manger */,
				CFDCF7211D9C261B00DE1C8E /* Protocol */,
				CFDCF7261D9C261B00DE1C8E /* Request */,
				CFD3863E1E193C15001CF086 /* HLNetworkingAPI.h */,
			);
			path = API;
			sourceTree = "<group>";
		};
		CFDCF71E1D9C261B00DE1C8E /* Manger */ = {
			isa = PBXGroup;
			children = (
				CFDCF71F1D9C261B00DE1C8E /* HLAPIManager.h */,
				CFDCF7201D9C261B00DE1C8E /* HLAPIManager.m */,
				CF6C3C6F1E348A330052C4DF /* HLAPIEngine.h */,
				CF6C3C701E348A330052C4DF /* HLAPIEngine.m */,
			);
			path = Manger;
			sourceTree = "<group>";
		};
		CFDCF7211D9C261B00DE1C8E /* Protocol */ = {
			isa = PBXGroup;
			children = (
				CFD386391E193BA8001CF086 /* HLFormDataConfig.h */,
				CFD3863A1E193BA8001CF086 /* HLFormDataConfig.m */,
				CFDCF7231D9C261B00DE1C8E /* HLMultipartFormDataProtocol.h */,
				CFDCF7241D9C261B00DE1C8E /* HLNetworkErrorProtocol.h */,
			);
			path = Protocol;
			sourceTree = "<group>";
		};
		CFDCF7261D9C261B00DE1C8E /* Request */ = {
			isa = PBXGroup;
			children = (
				CFE869A41E20D03C001BE8D4 /* HLAPIGroup.h */,
				CFE869A51E20D03C001BE8D4 /* HLAPIGroup.m */,
				CFDCF7271D9C261B00DE1C8E /* HLAPI.h */,
				CFDCF7281D9C261B00DE1C8E /* HLAPI.m */,
				CF60A0DA1DA1600900AC1BB2 /* HLAPI_InternalParams.h */,
				CFDCF7291D9C261B00DE1C8E /* HLAPIType.h */,
			);
			path = Request;
			sourceTree = "<group>";
		};
		CFDCF72A1D9C261B00DE1C8E /* Config */ = {
			isa = PBXGroup;
			children = (
				CFDCF72D1D9C261B00DE1C8E /* HLNetworkConfig.h */,
				CFDCF72E1D9C261B00DE1C8E /* HLNetworkConfig.m */,
				CF5C95661E1A336500A3380C /* HLNetworkTipsConfig.h */,
				CF5C95671E1A336500A3380C /* HLNetworkTipsConfig.m */,
				CF5C95691E1A342000A3380C /* HLNetworkRequestConfig.h */,
				CF5C956A1E1A342000A3380C /* HLNetworkRequestConfig.m */,
				CF5C956C1E1A351600A3380C /* HLNetworkPolicyConfig.h */,
				CF5C956D1E1A351600A3380C /* HLNetworkPolicyConfig.m */,
				CFDCF72F1D9C261B00DE1C8E /* HLSecurityPolicyConfig.h */,
				CFDCF7301D9C261B00DE1C8E /* HLSecurityPolicyConfig.m */,
				CF7326AD1DE729D100EDA1CE /* HLNetworkMacro.h */,
			);
			path = Config;
			sourceTree = "<group>";
		};
		CFDCF7321D9C261B00DE1C8E /* Task */ = {
			isa = PBXGroup;
			children = (
				CFDCF7341D9C261B00DE1C8E /* Manager */,
				CFDCF7371D9C261B00DE1C8E /* Protocol */,
				CFDCF7381D9C261B00DE1C8E /* Request */,
				CFD3863D1E193C09001CF086 /* HLNetworkingTask.h */,
			);
			path = Task;
			sourceTree = "<group>";
		};
		CFDCF7341D9C261B00DE1C8E /* Manager */ = {
			isa = PBXGroup;
			children = (
				CFDCF7351D9C261B00DE1C8E /* HLTaskManager.h */,
				CFDCF7361D9C261B00DE1C8E /* HLTaskManager.m */,
			);
			path = Manager;
			sourceTree = "<group>";
		};
		CFDCF7371D9C261B00DE1C8E /* Protocol */ = {
			isa = PBXGroup;
			children = (
				CFDCF7461D9C265F00DE1C8E /* HLTaskResponseProtocol.h */,
			);
			path = Protocol;
			sourceTree = "<group>";
		};
		CFDCF7381D9C261B00DE1C8E /* Request */ = {
			isa = PBXGroup;
			children = (
				CFE869AC1E21166D001BE8D4 /* HLTaskGroup.h */,
				CFE869AD1E21166D001BE8D4 /* HLTaskGroup.m */,
				CFDCF7391D9C261B00DE1C8E /* HLTask.h */,
				CFDCF73A1D9C261B00DE1C8E /* HLTask.m */,
				CF60A0DD1DA16C5B00AC1BB2 /* HLTask_InternalParams.h */,
				CFDCF73B1D9C261B00DE1C8E /* HLTaskType.h */,
			);
			path = Request;
			sourceTree = "<group>";
		};
		CFDE3FDE1E12220E00CDA39E /* Center */ = {
			isa = PBXGroup;
			children = (
				CFDE3FDF1E12220E00CDA39E /* HLAPICenter.h */,
				CFDE3FE01E12220E00CDA39E /* HLAPICenter.m */,
				CFDE3FE11E12220E00CDA39E /* HLAPIMacro.h */,
				CFDE3FE21E12220E00CDA39E /* HLBaseObjReformer.h */,
				CFDE3FE31E12220E00CDA39E /* HLBaseObjReformer.m */,
			);
			path = Center;
			sourceTree = "<group>";
		};
		CFF1A8851E22254B00767B35 /* Generator */ = {
			isa = PBXGroup;
			children = (
				CFF1A8871E22256F00767B35 /* Response */,
				CFF1A88A1E22256F00767B35 /* Result */,
			);
			path = Generator;
			sourceTree = "<group>";
		};
		CFF1A8871E22256F00767B35 /* Response */ = {
			isa = PBXGroup;
			children = (
				CFF1A8881E22256F00767B35 /* HLURLResponse.h */,
				CFF1A8891E22256F00767B35 /* HLURLResponse.m */,
			);
			path = Response;
			sourceTree = "<group>";
		};
		CFF1A88A1E22256F00767B35 /* Result */ = {
			isa = PBXGroup;
			children = (
				CFF1A88B1E22256F00767B35 /* HLURLResult.h */,
				CFF1A88C1E22256F00767B35 /* HLURLResult.m */,
			);
			path = Result;
			sourceTree = "<group>";
		};
		F112EDD6A5BC41CD0E259D05 /* Pods */ = {
			isa = PBXGroup;
			children = (
				7181179E3FED125878C5BA34 /* Pods-HLNetworking.debug.xcconfig */,
				3D14D0F53EFCAA4AF53EEE33 /* Pods-HLNetworking.release.xcconfig */,
			);
			name = Pods;
			sourceTree = "<group>";
		};
/* End PBXGroup section */

/* Begin PBXNativeTarget section */
		CF3627491D9368BD00C26AAF /* HLNetworking */ = {
			isa = PBXNativeTarget;
			buildConfigurationList = CF3627611D9368BD00C26AAF /* Build configuration list for PBXNativeTarget "HLNetworking" */;
			buildPhases = (
				0B8CA0D069449C80209B2A45 /* [CP] Check Pods Manifest.lock */,
				CF3627461D9368BD00C26AAF /* Sources */,
				CF3627471D9368BD00C26AAF /* Frameworks */,
				CF3627481D9368BD00C26AAF /* Resources */,
				E302CE3A16B9AB8158FFD985 /* [CP] Embed Pods Frameworks */,
				ECF6337C4FE35B105EA329C3 /* [CP] Copy Pods Resources */,
			);
			buildRules = (
			);
			dependencies = (
			);
			name = HLNetworking;
			productName = HLNetworking;
			productReference = CF36274A1D9368BD00C26AAF /* HLNetworking.app */;
			productType = "com.apple.product-type.application";
		};
/* End PBXNativeTarget section */

/* Begin PBXProject section */
		CF3627421D9368BD00C26AAF /* Project object */ = {
			isa = PBXProject;
			attributes = {
				LastUpgradeCheck = 0810;
				ORGANIZATIONNAME = wangshiyu13;
				TargetAttributes = {
					CF3627491D9368BD00C26AAF = {
						CreatedOnToolsVersion = 8.0;
						DevelopmentTeam = 5TJBR4D2AC;
						ProvisioningStyle = Automatic;
					};
				};
			};
			buildConfigurationList = CF3627451D9368BD00C26AAF /* Build configuration list for PBXProject "HLNetworking" */;
			compatibilityVersion = "Xcode 3.2";
			developmentRegion = English;
			hasScannedForEncodings = 0;
			knownRegions = (
				en,
				Base,
			);
			mainGroup = CF3627411D9368BD00C26AAF;
			productRefGroup = CF36274B1D9368BD00C26AAF /* Products */;
			projectDirPath = "";
			projectRoot = "";
			targets = (
				CF3627491D9368BD00C26AAF /* HLNetworking */,
			);
		};
/* End PBXProject section */

/* Begin PBXResourcesBuildPhase section */
		CF3627481D9368BD00C26AAF /* Resources */ = {
			isa = PBXResourcesBuildPhase;
			buildActionMask = 2147483647;
			files = (
				CFE869A81E20F6BC001BE8D4 /* iPhoneTypeDefine.plist in Resources */,
				CF36275D1D9368BD00C26AAF /* LaunchScreen.storyboard in Resources */,
				CF36275A1D9368BD00C26AAF /* Assets.xcassets in Resources */,
				CF3627581D9368BD00C26AAF /* Main.storyboard in Resources */,
			);
			runOnlyForDeploymentPostprocessing = 0;
		};
/* End PBXResourcesBuildPhase section */

/* Begin PBXShellScriptBuildPhase section */
		0B8CA0D069449C80209B2A45 /* [CP] Check Pods Manifest.lock */ = {
			isa = PBXShellScriptBuildPhase;
			buildActionMask = 2147483647;
			files = (
			);
			inputPaths = (
			);
			name = "[CP] Check Pods Manifest.lock";
			outputPaths = (
			);
			runOnlyForDeploymentPostprocessing = 0;
			shellPath = /bin/sh;
			shellScript = "diff \"${PODS_ROOT}/../Podfile.lock\" \"${PODS_ROOT}/Manifest.lock\" > /dev/null\nif [ $? != 0 ] ; then\n    # print error to STDERR\n    echo \"error: The sandbox is not in sync with the Podfile.lock. Run 'pod install' or update your CocoaPods installation.\" >&2\n    exit 1\nfi\n";
			showEnvVarsInLog = 0;
		};
		E302CE3A16B9AB8158FFD985 /* [CP] Embed Pods Frameworks */ = {
			isa = PBXShellScriptBuildPhase;
			buildActionMask = 2147483647;
			files = (
			);
			inputPaths = (
			);
			name = "[CP] Embed Pods Frameworks";
			outputPaths = (
			);
			runOnlyForDeploymentPostprocessing = 0;
			shellPath = /bin/sh;
			shellScript = "\"${SRCROOT}/Pods/Target Support Files/Pods-HLNetworking/Pods-HLNetworking-frameworks.sh\"\n";
			showEnvVarsInLog = 0;
		};
		ECF6337C4FE35B105EA329C3 /* [CP] Copy Pods Resources */ = {
			isa = PBXShellScriptBuildPhase;
			buildActionMask = 2147483647;
			files = (
			);
			inputPaths = (
			);
			name = "[CP] Copy Pods Resources";
			outputPaths = (
			);
			runOnlyForDeploymentPostprocessing = 0;
			shellPath = /bin/sh;
			shellScript = "\"${SRCROOT}/Pods/Target Support Files/Pods-HLNetworking/Pods-HLNetworking-resources.sh\"\n";
			showEnvVarsInLog = 0;
		};
/* End PBXShellScriptBuildPhase section */

/* Begin PBXSourcesBuildPhase section */
		CF3627461D9368BD00C26AAF /* Sources */ = {
			isa = PBXSourcesBuildPhase;
			buildActionMask = 2147483647;
			files = (
				CFD3864B1E1999DC001CF086 /* HLAPICenter+home.m in Sources */,
				CFE869AB1E20FA9F001BE8D4 /* UIDevice+deviceInfo.m in Sources */,
				CFDCF7421D9C261B00DE1C8E /* HLSecurityPolicyConfig.m in Sources */,
				CF5C95681E1A336500A3380C /* HLNetworkTipsConfig.m in Sources */,
				CFF1A88E1E22256F00767B35 /* HLURLResult.m in Sources */,
				CFE869AE1E21166D001BE8D4 /* HLTaskGroup.m in Sources */,
				CF5C956E1E1A351600A3380C /* HLNetworkPolicyConfig.m in Sources */,
				CF3627551D9368BD00C26AAF /* ViewController.m in Sources */,
				CF5C956B1E1A342000A3380C /* HLNetworkRequestConfig.m in Sources */,
				CF7005A11E1CA12200DF8E80 /* HLNetworkLogger.m in Sources */,
				CFDCF7431D9C261B00DE1C8E /* HLTaskManager.m in Sources */,
				CFDCF73F1D9C261B00DE1C8E /* HLAPI.m in Sources */,
				CF7005A41E1CDADD00DF8E80 /* HLNetworkLoggerConfig.m in Sources */,
				CFD3863B1E193BA8001CF086 /* HLFormDataConfig.m in Sources */,
				CF7005A71E1CE30100DF8E80 /* HLDebugMessage.m in Sources */,
				CF6C3C711E348A330052C4DF /* HLAPIEngine.m in Sources */,
				CFDCF7441D9C261B00DE1C8E /* HLTask.m in Sources */,
				CFDCF73E1D9C261B00DE1C8E /* HLAPIManager.m in Sources */,
				CFDCF7411D9C261B00DE1C8E /* HLNetworkConfig.m in Sources */,
				CF3627521D9368BD00C26AAF /* AppDelegate.m in Sources */,
				CFDE3FE41E12220E00CDA39E /* HLAPICenter.m in Sources */,
				CFDE3FE51E12220E00CDA39E /* HLBaseObjReformer.m in Sources */,
				CFF1A88D1E22256F00767B35 /* HLURLResponse.m in Sources */,
				CFE869A61E20D03C001BE8D4 /* HLAPIGroup.m in Sources */,
				CF36274F1D9368BD00C26AAF /* main.m in Sources */,
			);
			runOnlyForDeploymentPostprocessing = 0;
		};
/* End PBXSourcesBuildPhase section */

/* Begin PBXVariantGroup section */
		CF3627561D9368BD00C26AAF /* Main.storyboard */ = {
			isa = PBXVariantGroup;
			children = (
				CF3627571D9368BD00C26AAF /* Base */,
			);
			name = Main.storyboard;
			sourceTree = "<group>";
		};
		CF36275B1D9368BD00C26AAF /* LaunchScreen.storyboard */ = {
			isa = PBXVariantGroup;
			children = (
				CF36275C1D9368BD00C26AAF /* Base */,
			);
			name = LaunchScreen.storyboard;
			sourceTree = "<group>";
		};
/* End PBXVariantGroup section */

/* Begin XCBuildConfiguration section */
		CF36275F1D9368BD00C26AAF /* Debug */ = {
			isa = XCBuildConfiguration;
			buildSettings = {
				ALWAYS_SEARCH_USER_PATHS = NO;
				CLANG_ANALYZER_NONNULL = YES;
				CLANG_CXX_LANGUAGE_STANDARD = "gnu++0x";
				CLANG_CXX_LIBRARY = "libc++";
				CLANG_ENABLE_MODULES = YES;
				CLANG_ENABLE_OBJC_ARC = YES;
				CLANG_WARN_BOOL_CONVERSION = YES;
				CLANG_WARN_CONSTANT_CONVERSION = YES;
				CLANG_WARN_DIRECT_OBJC_ISA_USAGE = YES_ERROR;
				CLANG_WARN_DOCUMENTATION_COMMENTS = YES;
				CLANG_WARN_EMPTY_BODY = YES;
				CLANG_WARN_ENUM_CONVERSION = YES;
				CLANG_WARN_INFINITE_RECURSION = YES;
				CLANG_WARN_INT_CONVERSION = YES;
				CLANG_WARN_OBJC_ROOT_CLASS = YES_ERROR;
				CLANG_WARN_SUSPICIOUS_MOVE = YES;
				CLANG_WARN_SUSPICIOUS_MOVES = YES;
				CLANG_WARN_UNREACHABLE_CODE = YES;
				CLANG_WARN__DUPLICATE_METHOD_MATCH = YES;
				"CODE_SIGN_IDENTITY[sdk=iphoneos*]" = "iPhone Developer";
				COPY_PHASE_STRIP = NO;
				DEBUG_INFORMATION_FORMAT = dwarf;
				ENABLE_STRICT_OBJC_MSGSEND = YES;
				ENABLE_TESTABILITY = YES;
				GCC_C_LANGUAGE_STANDARD = gnu99;
				GCC_DYNAMIC_NO_PIC = NO;
				GCC_NO_COMMON_BLOCKS = YES;
				GCC_OPTIMIZATION_LEVEL = 0;
				GCC_PREPROCESSOR_DEFINITIONS = (
					"DEBUG=1",
					"$(inherited)",
				);
				GCC_WARN_64_TO_32_BIT_CONVERSION = YES;
				GCC_WARN_ABOUT_RETURN_TYPE = YES_ERROR;
				GCC_WARN_UNDECLARED_SELECTOR = YES;
				GCC_WARN_UNINITIALIZED_AUTOS = YES_AGGRESSIVE;
				GCC_WARN_UNUSED_FUNCTION = YES;
				GCC_WARN_UNUSED_VARIABLE = YES;
				IPHONEOS_DEPLOYMENT_TARGET = 10.0;
				MTL_ENABLE_DEBUG_INFO = YES;
				ONLY_ACTIVE_ARCH = YES;
				SDKROOT = iphoneos;
				TARGETED_DEVICE_FAMILY = "1,2";
			};
			name = Debug;
		};
		CF3627601D9368BD00C26AAF /* Release */ = {
			isa = XCBuildConfiguration;
			buildSettings = {
				ALWAYS_SEARCH_USER_PATHS = NO;
				CLANG_ANALYZER_NONNULL = YES;
				CLANG_CXX_LANGUAGE_STANDARD = "gnu++0x";
				CLANG_CXX_LIBRARY = "libc++";
				CLANG_ENABLE_MODULES = YES;
				CLANG_ENABLE_OBJC_ARC = YES;
				CLANG_WARN_BOOL_CONVERSION = YES;
				CLANG_WARN_CONSTANT_CONVERSION = YES;
				CLANG_WARN_DIRECT_OBJC_ISA_USAGE = YES_ERROR;
				CLANG_WARN_DOCUMENTATION_COMMENTS = YES;
				CLANG_WARN_EMPTY_BODY = YES;
				CLANG_WARN_ENUM_CONVERSION = YES;
				CLANG_WARN_INFINITE_RECURSION = YES;
				CLANG_WARN_INT_CONVERSION = YES;
				CLANG_WARN_OBJC_ROOT_CLASS = YES_ERROR;
				CLANG_WARN_SUSPICIOUS_MOVE = YES;
				CLANG_WARN_SUSPICIOUS_MOVES = YES;
				CLANG_WARN_UNREACHABLE_CODE = YES;
				CLANG_WARN__DUPLICATE_METHOD_MATCH = YES;
				"CODE_SIGN_IDENTITY[sdk=iphoneos*]" = "iPhone Developer";
				COPY_PHASE_STRIP = NO;
				DEBUG_INFORMATION_FORMAT = "dwarf-with-dsym";
				ENABLE_NS_ASSERTIONS = NO;
				ENABLE_STRICT_OBJC_MSGSEND = YES;
				GCC_C_LANGUAGE_STANDARD = gnu99;
				GCC_NO_COMMON_BLOCKS = YES;
				GCC_WARN_64_TO_32_BIT_CONVERSION = YES;
				GCC_WARN_ABOUT_RETURN_TYPE = YES_ERROR;
				GCC_WARN_UNDECLARED_SELECTOR = YES;
				GCC_WARN_UNINITIALIZED_AUTOS = YES_AGGRESSIVE;
				GCC_WARN_UNUSED_FUNCTION = YES;
				GCC_WARN_UNUSED_VARIABLE = YES;
				IPHONEOS_DEPLOYMENT_TARGET = 10.0;
				MTL_ENABLE_DEBUG_INFO = NO;
				SDKROOT = iphoneos;
				TARGETED_DEVICE_FAMILY = "1,2";
				VALIDATE_PRODUCT = YES;
			};
			name = Release;
		};
		CF3627621D9368BD00C26AAF /* Debug */ = {
			isa = XCBuildConfiguration;
			baseConfigurationReference = 7181179E3FED125878C5BA34 /* Pods-HLNetworking.debug.xcconfig */;
			buildSettings = {
				ASSETCATALOG_COMPILER_APPICON_NAME = AppIcon;
				DEVELOPMENT_TEAM = 5TJBR4D2AC;
				INFOPLIST_FILE = HLNetworking/Info.plist;
				LD_RUNPATH_SEARCH_PATHS = "$(inherited) @executable_path/Frameworks";
				PRODUCT_BUNDLE_IDENTIFIER = com.qkhl.HLNetworking;
				PRODUCT_NAME = "$(TARGET_NAME)";
			};
			name = Debug;
		};
		CF3627631D9368BD00C26AAF /* Release */ = {
			isa = XCBuildConfiguration;
			baseConfigurationReference = 3D14D0F53EFCAA4AF53EEE33 /* Pods-HLNetworking.release.xcconfig */;
			buildSettings = {
				ASSETCATALOG_COMPILER_APPICON_NAME = AppIcon;
				DEVELOPMENT_TEAM = 5TJBR4D2AC;
				INFOPLIST_FILE = HLNetworking/Info.plist;
				LD_RUNPATH_SEARCH_PATHS = "$(inherited) @executable_path/Frameworks";
				PRODUCT_BUNDLE_IDENTIFIER = com.qkhl.HLNetworking;
				PRODUCT_NAME = "$(TARGET_NAME)";
			};
			name = Release;
		};
/* End XCBuildConfiguration section */

/* Begin XCConfigurationList section */
		CF3627451D9368BD00C26AAF /* Build configuration list for PBXProject "HLNetworking" */ = {
			isa = XCConfigurationList;
			buildConfigurations = (
				CF36275F1D9368BD00C26AAF /* Debug */,
				CF3627601D9368BD00C26AAF /* Release */,
			);
			defaultConfigurationIsVisible = 0;
			defaultConfigurationName = Release;
		};
		CF3627611D9368BD00C26AAF /* Build configuration list for PBXNativeTarget "HLNetworking" */ = {
			isa = XCConfigurationList;
			buildConfigurations = (
				CF3627621D9368BD00C26AAF /* Debug */,
				CF3627631D9368BD00C26AAF /* Release */,
			);
			defaultConfigurationIsVisible = 0;
			defaultConfigurationName = Release;
		};
/* End XCConfigurationList section */
	};
	rootObject = CF3627421D9368BD00C26AAF /* Project object */;
}
